
Microsoft Visual Studio Solution File, Format Version 12.00
# Visual Studio Version 17
VisualStudioVersion = 17.5.33502.453
MinimumVisualStudioVersion = 10.0.40219.1
Project("{8BC9CEB8-8B4A-11D0-8D11-00A0C91BC942}") = "hello01", "hello01\hello01.vcxproj", "{FA04717E-3A7E-4084-8D2E-B8E2B81E53F9}"
EndProject
Global
	GlobalSection(SolutionConfigurationPlatforms) = preSolution
		Debug|x64 = Debug|x64
		Debug|x86 = Debug|x86
		Release|x64 = Release|x64
		Release|x86 = Release|x86
	EndGlobalSection
	GlobalSection(ProjectConfigurationPlatforms) = postSolution
		{FA04717E-3A7E-4084-8D2E-B8E2B81E53F9}.Debug|x64.ActiveCfg = Debug|x64
		{FA04717E-3A7E-4084-8D2E-B8E2B81E53F9}.Debug|x64.Build.0 = Debug|x64
		{FA04717E-3A7E-4084-8D2E-B8E2B81E53F9}.Debug|x86.ActiveCfg = Debug|Win32
		{FA04717E-3A7E-4084-8D2E-B8E2B81E53F9}.Debug|x86.Build.0 = Debug|Win32
		{FA04717E-3A7E-4084-8D2E-B8E2B81E53F9}.Release|x64.ActiveCfg = Release|x64
		{FA04717E-3A7E-4084-8D2E-B8E2B81E53F9}.Release|x64.Build.0 = Release|x64
		{FA04717E-3A7E-4084-8D2E-B8E2B81E53F9}.Release|x86.ActiveCfg = Release|Win32
		{FA04717E-3A7E-4084-8D2E-B8E2B81E53F9}.Release|x86.Build.0 = Release|Win32
	EndGlobalSection
	GlobalSection(SolutionProperties) = preSolution
		HideSolutionNode = FALSE
	EndGlobalSection
	GlobalSection(ExtensibilityGlobals) = postSolution
		SolutionGuid = {BA53532B-978A-4404-853E-AE5572D80EE9}
	EndGlobalSection
EndGlobal
